{
  "name": "template",
  "version": "1.0.0",
  "lockfileVersion": 1,
  "requires": true,
  "dependencies": {
    "seamless-immutable": {
      "version": "7.1.3",
      "resolved": "https://registry.npmjs.org/seamless-immutable/-/seamless-immutable-7.1.3.tgz",
      "integrity": "sha512-ODZawMxNf7n0Ufec01tvaD/CeeYEf9G+fjYc7Q6qAJytTWha1bdtNkjh4Oei1GeYakMF3S+mQMhZv9l7OtcORg=="
    }
  }
}
